
Microsoft Visual Studio Solution File, Format Version 12.00
# Visual Studio Version 17
VisualStudioVersion = 17.3.32929.385
MinimumVisualStudioVersion = 10.0.40219.1
Project("{FAE04EC0-301F-11D3-BF4B-00C04F79EFBC}") = "ScraperYellowPages", "ScraperYellowPages\ScraperYellowPages.csproj", "{555E5382-8A7C-4851-97A8-A28EB59DE54E}"
EndProject
Global
	GlobalSection(SolutionConfigurationPlatforms) = preSolution
		Debug|Any CPU = Debug|Any CPU
		Release|Any CPU = Release|Any CPU
	EndGlobalSection
	GlobalSection(ProjectConfigurationPlatforms) = postSolution
		{555E5382-8A7C-4851-97A8-A28EB59DE54E}.Debug|Any CPU.ActiveCfg = Debug|Any CPU
		{555E5382-8A7C-4851-97A8-A28EB59DE54E}.Debug|Any CPU.Build.0 = Debug|Any CPU
		{555E5382-8A7C-4851-97A8-A28EB59DE54E}.Release|Any CPU.ActiveCfg = Release|Any CPU
		{555E5382-8A7C-4851-97A8-A28EB59DE54E}.Release|Any CPU.Build.0 = Release|Any CPU
	EndGlobalSection
	GlobalSection(SolutionProperties) = preSolution
		HideSolutionNode = FALSE
	EndGlobalSection
	GlobalSection(ExtensibilityGlobals) = postSolution
		SolutionGuid = {28CA973D-965F-4A29-914D-4D73F51A863C}
	EndGlobalSection
EndGlobal
